
Microsoft Visual Studio Solution File, Format Version 12.00
# Visual Studio Version 16
VisualStudioVersion = 16.0.29411.108
MinimumVisualStudioVersion = 10.0.40219.1
Project("{9A19103F-16F7-4668-BE54-9A1E7A4F7556}") = "ConsoleAppGlava14Exercices1", "ConsoleAppGlava14Exercices1\ConsoleAppGlava14Exercices1.csproj", "{EEAB6A43-DC7A-4196-9A8B-738545D38506}"
EndProject
Project("{9A19103F-16F7-4668-BE54-9A1E7A4F7556}") = "ConsoleAppGlaca14Exercices2", "ConsoleAppGlaca14Exercices2\ConsoleAppGlaca14Exercices2.csproj", "{E314EE8C-DDCD-4B6F-950A-BE33B0F7FA20}"
EndProject
Project("{9A19103F-16F7-4668-BE54-9A1E7A4F7556}") = "ConsoleAppGlaca14Exercices3", "ConsoleAppGlaca14Exercices3\ConsoleAppGlaca14Exercices3.csproj", "{A48607F1-2D2F-420F-9204-A582D308ECDA}"
EndProject
Project("{9A19103F-16F7-4668-BE54-9A1E7A4F7556}") = "ConsoleAppGlaca14Exercices4", "ConsoleAppGlaca14Exercices4\ConsoleAppGlaca14Exercices4.csproj", "{0867F38B-FFD6-41F8-A6C3-4776BDF12D68}"
EndProject
Project("{9A19103F-16F7-4668-BE54-9A1E7A4F7556}") = "ConsoleAppGlaca14Exercices5", "ConsoleAppGlaca14Exercices5\ConsoleAppGlaca14Exercices5.csproj", "{0F6285C0-2925-456F-B853-56C08668D84E}"
EndProject
Project("{9A19103F-16F7-4668-BE54-9A1E7A4F7556}") = "ConsoleAppGlaca14Exercices6", "ConsoleAppGlaca14Exercices6\ConsoleAppGlaca14Exercices6.csproj", "{4CAC20DB-AEAE-4F17-9F9E-BE56F4CB27D2}"
EndProject
Project("{9A19103F-16F7-4668-BE54-9A1E7A4F7556}") = "ConsoleAppGlaca14Exercices7", "ConsoleAppGlaca14Exercices7\ConsoleAppGlaca14Exercices7.csproj", "{47C8D2E8-F4B0-4338-975D-8FEC2274704B}"
EndProject
Project("{9A19103F-16F7-4668-BE54-9A1E7A4F7556}") = "ConsoleAppGlaca14Exercices8", "ConsoleAppGlaca14Exercices8\ConsoleAppGlaca14Exercices8.csproj", "{5AE3364F-B330-4925-8246-B6D154F00945}"
EndProject
Project("{9A19103F-16F7-4668-BE54-9A1E7A4F7556}") = "ConsoleAppGlaca14Exercices9", "ConsoleAppGlaca14Exercices9\ConsoleAppGlaca14Exercices9.csproj", "{DC33DA82-FD71-41B5-A5A5-14CCBE9C9D45}"
EndProject
Project("{9A19103F-16F7-4668-BE54-9A1E7A4F7556}") = "ConsoleAppGlaca14Exercices10", "ConsoleAppGlaca14Exercices10\ConsoleAppGlaca14Exercices10.csproj", "{E71EA002-3B7A-4759-A245-D42961796C1B}"
EndProject
Project("{9A19103F-16F7-4668-BE54-9A1E7A4F7556}") = "ConsoleAppGlaca14Exercices11", "ConsoleAppGlaca14Exercices11\ConsoleAppGlaca14Exercices11.csproj", "{E720F673-EFA1-49A7-8AAF-4BB1830EF512}"
EndProject
Project("{9A19103F-16F7-4668-BE54-9A1E7A4F7556}") = "ConsoleAppGlaca14Exercices12", "ConsoleAppGlaca14Exercices12\ConsoleAppGlaca14Exercices12.csproj", "{A7F29F47-02E0-408F-BA64-2962BF60817D}"
EndProject
Project("{9A19103F-16F7-4668-BE54-9A1E7A4F7556}") = "ConsoleAppGlaca14Exercices13", "ConsoleAppGlaca14Exercices13\ConsoleAppGlaca14Exercices13.csproj", "{7644B524-CC92-4382-B2B4-0D894EB9A29C}"
EndProject
Project("{9A19103F-16F7-4668-BE54-9A1E7A4F7556}") = "ConsoleAppGlaca14Exercices14", "ConsoleAppGlaca14Exercices14\ConsoleAppGlaca14Exercices14.csproj", "{DFE59823-AAFE-40A6-98B4-2ED2C979A710}"
EndProject
Project("{9A19103F-16F7-4668-BE54-9A1E7A4F7556}") = "ConsoleAppGlaca14Exercices15", "ConsoleAppGlaca14Exercices15\ConsoleAppGlaca14Exercices15.csproj", "{99D29857-9C94-41F1-8923-99C9636200E4}"
EndProject
Project("{9A19103F-16F7-4668-BE54-9A1E7A4F7556}") = "ConsoleAppGlaca14Exercices20", "ConsoleAppGlaca14Exercices20\ConsoleAppGlaca14Exercices20.csproj", "{463AA8BB-A6C8-4C2F-92F5-ECA2FA96F5F9}"
EndProject
Project("{9A19103F-16F7-4668-BE54-9A1E7A4F7556}") = "ConsoleAppGlaca14Exercices22", "ConsoleAppGlaca14Exercices22\ConsoleAppGlaca14Exercices22.csproj", "{3A73BEFD-D5F4-4C2C-8D22-DA5152566331}"
EndProject
Project("{9A19103F-16F7-4668-BE54-9A1E7A4F7556}") = "ConsoleAppGlaca14Exercices23", "ConsoleAppGlaca14Exercices23\ConsoleAppGlaca14Exercices23.csproj", "{74E196EF-4268-4D6A-8004-3408242861C0}"
EndProject
Project("{FAE04EC0-301F-11D3-BF4B-00C04F79EFBC}") = "ConsoleAppGlaca14Exercices24", "ConsoleAppGlaca14Exercices24\ConsoleAppGlaca14Exercices24.csproj", "{EE5BFF4A-78CF-49EE-B2CC-9E54F36E24C2}"
EndProject
Project("{FAE04EC0-301F-11D3-BF4B-00C04F79EFBC}") = "ConsoleAppGlaca14Exercices25", "ConsoleAppGlaca14Exercices25\ConsoleAppGlaca14Exercices25.csproj", "{FE4654DE-1254-4CFF-AF7E-24E7CE23FDAC}"
EndProject
Global
	GlobalSection(SolutionConfigurationPlatforms) = preSolution
		Debug|Any CPU = Debug|Any CPU
		Release|Any CPU = Release|Any CPU
	EndGlobalSection
	GlobalSection(ProjectConfigurationPlatforms) = postSolution
		{EEAB6A43-DC7A-4196-9A8B-738545D38506}.Debug|Any CPU.ActiveCfg = Debug|Any CPU
		{EEAB6A43-DC7A-4196-9A8B-738545D38506}.Debug|Any CPU.Build.0 = Debug|Any CPU
		{EEAB6A43-DC7A-4196-9A8B-738545D38506}.Release|Any CPU.ActiveCfg = Release|Any CPU
		{EEAB6A43-DC7A-4196-9A8B-738545D38506}.Release|Any CPU.Build.0 = Release|Any CPU
		{E314EE8C-DDCD-4B6F-950A-BE33B0F7FA20}.Debug|Any CPU.ActiveCfg = Debug|Any CPU
		{E314EE8C-DDCD-4B6F-950A-BE33B0F7FA20}.Debug|Any CPU.Build.0 = Debug|Any CPU
		{E314EE8C-DDCD-4B6F-950A-BE33B0F7FA20}.Release|Any CPU.ActiveCfg = Release|Any CPU
		{E314EE8C-DDCD-4B6F-950A-BE33B0F7FA20}.Release|Any CPU.Build.0 = Release|Any CPU
		{A48607F1-2D2F-420F-9204-A582D308ECDA}.Debug|Any CPU.ActiveCfg = Debug|Any CPU
		{A48607F1-2D2F-420F-9204-A582D308ECDA}.Debug|Any CPU.Build.0 = Debug|Any CPU
		{A48607F1-2D2F-420F-9204-A582D308ECDA}.Release|Any CPU.ActiveCfg = Release|Any CPU
		{A48607F1-2D2F-420F-9204-A582D308ECDA}.Release|Any CPU.Build.0 = Release|Any CPU
		{0867F38B-FFD6-41F8-A6C3-4776BDF12D68}.Debug|Any CPU.ActiveCfg = Debug|Any CPU
		{0867F38B-FFD6-41F8-A6C3-4776BDF12D68}.Debug|Any CPU.Build.0 = Debug|Any CPU
		{0867F38B-FFD6-41F8-A6C3-4776BDF12D68}.Release|Any CPU.ActiveCfg = Release|Any CPU
		{0867F38B-FFD6-41F8-A6C3-4776BDF12D68}.Release|Any CPU.Build.0 = Release|Any CPU
		{0F6285C0-2925-456F-B853-56C08668D84E}.Debug|Any CPU.ActiveCfg = Debug|Any CPU
		{0F6285C0-2925-456F-B853-56C08668D84E}.Debug|Any CPU.Build.0 = Debug|Any CPU
		{0F6285C0-2925-456F-B853-56C08668D84E}.Release|Any CPU.ActiveCfg = Release|Any CPU
		{0F6285C0-2925-456F-B853-56C08668D84E}.Release|Any CPU.Build.0 = Release|Any CPU
		{4CAC20DB-AEAE-4F17-9F9E-BE56F4CB27D2}.Debug|Any CPU.ActiveCfg = Debug|Any CPU
		{4CAC20DB-AEAE-4F17-9F9E-BE56F4CB27D2}.Debug|Any CPU.Build.0 = Debug|Any CPU
		{4CAC20DB-AEAE-4F17-9F9E-BE56F4CB27D2}.Release|Any CPU.ActiveCfg = Release|Any CPU
		{4CAC20DB-AEAE-4F17-9F9E-BE56F4CB27D2}.Release|Any CPU.Build.0 = Release|Any CPU
		{47C8D2E8-F4B0-4338-975D-8FEC2274704B}.Debug|Any CPU.ActiveCfg = Debug|Any CPU
		{47C8D2E8-F4B0-4338-975D-8FEC2274704B}.Debug|Any CPU.Build.0 = Debug|Any CPU
		{47C8D2E8-F4B0-4338-975D-8FEC2274704B}.Release|Any CPU.ActiveCfg = Release|Any CPU
		{47C8D2E8-F4B0-4338-975D-8FEC2274704B}.Release|Any CPU.Build.0 = Release|Any CPU
		{5AE3364F-B330-4925-8246-B6D154F00945}.Debug|Any CPU.ActiveCfg = Debug|Any CPU
		{5AE3364F-B330-4925-8246-B6D154F00945}.Debug|Any CPU.Build.0 = Debug|Any CPU
		{5AE3364F-B330-4925-8246-B6D154F00945}.Release|Any CPU.ActiveCfg = Release|Any CPU
		{5AE3364F-B330-4925-8246-B6D154F00945}.Release|Any CPU.Build.0 = Release|Any CPU
		{DC33DA82-FD71-41B5-A5A5-14CCBE9C9D45}.Debug|Any CPU.ActiveCfg = Debug|Any CPU
		{DC33DA82-FD71-41B5-A5A5-14CCBE9C9D45}.Debug|Any CPU.Build.0 = Debug|Any CPU
		{DC33DA82-FD71-41B5-A5A5-14CCBE9C9D45}.Release|Any CPU.ActiveCfg = Release|Any CPU
		{DC33DA82-FD71-41B5-A5A5-14CCBE9C9D45}.Release|Any CPU.Build.0 = Release|Any CPU
		{E71EA002-3B7A-4759-A245-D42961796C1B}.Debug|Any CPU.ActiveCfg = Debug|Any CPU
		{E71EA002-3B7A-4759-A245-D42961796C1B}.Debug|Any CPU.Build.0 = Debug|Any CPU
		{E71EA002-3B7A-4759-A245-D42961796C1B}.Release|Any CPU.ActiveCfg = Release|Any CPU
		{E71EA002-3B7A-4759-A245-D42961796C1B}.Release|Any CPU.Build.0 = Release|Any CPU
		{E720F673-EFA1-49A7-8AAF-4BB1830EF512}.Debug|Any CPU.ActiveCfg = Debug|Any CPU
		{E720F673-EFA1-49A7-8AAF-4BB1830EF512}.Debug|Any CPU.Build.0 = Debug|Any CPU
		{E720F673-EFA1-49A7-8AAF-4BB1830EF512}.Release|Any CPU.ActiveCfg = Release|Any CPU
		{E720F673-EFA1-49A7-8AAF-4BB1830EF512}.Release|Any CPU.Build.0 = Release|Any CPU
		{A7F29F47-02E0-408F-BA64-2962BF60817D}.Debug|Any CPU.ActiveCfg = Debug|Any CPU
		{A7F29F47-02E0-408F-BA64-2962BF60817D}.Debug|Any CPU.Build.0 = Debug|Any CPU
		{A7F29F47-02E0-408F-BA64-2962BF60817D}.Release|Any CPU.ActiveCfg = Release|Any CPU
		{A7F29F47-02E0-408F-BA64-2962BF60817D}.Release|Any CPU.Build.0 = Release|Any CPU
		{7644B524-CC92-4382-B2B4-0D894EB9A29C}.Debug|Any CPU.ActiveCfg = Debug|Any CPU
		{7644B524-CC92-4382-B2B4-0D894EB9A29C}.Debug|Any CPU.Build.0 = Debug|Any CPU
		{7644B524-CC92-4382-B2B4-0D894EB9A29C}.Release|Any CPU.ActiveCfg = Release|Any CPU
		{7644B524-CC92-4382-B2B4-0D894EB9A29C}.Release|Any CPU.Build.0 = Release|Any CPU
		{DFE59823-AAFE-40A6-98B4-2ED2C979A710}.Debug|Any CPU.ActiveCfg = Debug|Any CPU
		{DFE59823-AAFE-40A6-98B4-2ED2C979A710}.Debug|Any CPU.Build.0 = Debug|Any CPU
		{DFE59823-AAFE-40A6-98B4-2ED2C979A710}.Release|Any CPU.ActiveCfg = Release|Any CPU
		{DFE59823-AAFE-40A6-98B4-2ED2C979A710}.Release|Any CPU.Build.0 = Release|Any CPU
		{99D29857-9C94-41F1-8923-99C9636200E4}.Debug|Any CPU.ActiveCfg = Debug|Any CPU
		{99D29857-9C94-41F1-8923-99C9636200E4}.Debug|Any CPU.Build.0 = Debug|Any CPU
		{99D29857-9C94-41F1-8923-99C9636200E4}.Release|Any CPU.ActiveCfg = Release|Any CPU
		{99D29857-9C94-41F1-8923-99C9636200E4}.Release|Any CPU.Build.0 = Release|Any CPU
		{463AA8BB-A6C8-4C2F-92F5-ECA2FA96F5F9}.Debug|Any CPU.ActiveCfg = Debug|Any CPU
		{463AA8BB-A6C8-4C2F-92F5-ECA2FA96F5F9}.Debug|Any CPU.Build.0 = Debug|Any CPU
		{463AA8BB-A6C8-4C2F-92F5-ECA2FA96F5F9}.Release|Any CPU.ActiveCfg = Release|Any CPU
		{463AA8BB-A6C8-4C2F-92F5-ECA2FA96F5F9}.Release|Any CPU.Build.0 = Release|Any CPU
		{3A73BEFD-D5F4-4C2C-8D22-DA5152566331}.Debug|Any CPU.ActiveCfg = Debug|Any CPU
		{3A73BEFD-D5F4-4C2C-8D22-DA5152566331}.Debug|Any CPU.Build.0 = Debug|Any CPU
		{3A73BEFD-D5F4-4C2C-8D22-DA5152566331}.Release|Any CPU.ActiveCfg = Release|Any CPU
		{3A73BEFD-D5F4-4C2C-8D22-DA5152566331}.Release|Any CPU.Build.0 = Release|Any CPU
		{74E196EF-4268-4D6A-8004-3408242861C0}.Debug|Any CPU.ActiveCfg = Debug|Any CPU
		{74E196EF-4268-4D6A-8004-3408242861C0}.Debug|Any CPU.Build.0 = Debug|Any CPU
		{74E196EF-4268-4D6A-8004-3408242861C0}.Release|Any CPU.ActiveCfg = Release|Any CPU
		{74E196EF-4268-4D6A-8004-3408242861C0}.Release|Any CPU.Build.0 = Release|Any CPU
		{EE5BFF4A-78CF-49EE-B2CC-9E54F36E24C2}.Debug|Any CPU.ActiveCfg = Debug|Any CPU
		{EE5BFF4A-78CF-49EE-B2CC-9E54F36E24C2}.Debug|Any CPU.Build.0 = Debug|Any CPU
		{EE5BFF4A-78CF-49EE-B2CC-9E54F36E24C2}.Release|Any CPU.ActiveCfg = Release|Any CPU
		{EE5BFF4A-78CF-49EE-B2CC-9E54F36E24C2}.Release|Any CPU.Build.0 = Release|Any CPU
		{FE4654DE-1254-4CFF-AF7E-24E7CE23FDAC}.Debug|Any CPU.ActiveCfg = Debug|Any CPU
		{FE4654DE-1254-4CFF-AF7E-24E7CE23FDAC}.Debug|Any CPU.Build.0 = Debug|Any CPU
		{FE4654DE-1254-4CFF-AF7E-24E7CE23FDAC}.Release|Any CPU.ActiveCfg = Release|Any CPU
		{FE4654DE-1254-4CFF-AF7E-24E7CE23FDAC}.Release|Any CPU.Build.0 = Release|Any CPU
	EndGlobalSection
	GlobalSection(SolutionProperties) = preSolution
		HideSolutionNode = FALSE
	EndGlobalSection
	GlobalSection(ExtensibilityGlobals) = postSolution
		SolutionGuid = {FE3B5AE2-CA9F-4CB3-8824-4EC5F06DE02B}
	EndGlobalSection
EndGlobal
